
Microsoft Visual Studio Solution File, Format Version 12.00
# Visual Studio Version 16
VisualStudioVersion = 16.0.30804.86
MinimumVisualStudioVersion = 10.0.40219.1
Project("{FAE04EC0-301F-11D3-BF4B-00C04F79EFBC}") = "OrganizationData", "OrganizationData\OrganizationData.csproj", "{DFF3A6D8-4368-4A89-86A5-2126679ED502}"
EndProject
Global
	GlobalSection(SolutionConfigurationPlatforms) = preSolution
		Debug|Any CPU = Debug|Any CPU
		Release|Any CPU = Release|Any CPU
	EndGlobalSection
	GlobalSection(ProjectConfigurationPlatforms) = postSolution
		{DFF3A6D8-4368-4A89-86A5-2126679ED502}.Debug|Any CPU.ActiveCfg = Debug|Any CPU
		{DFF3A6D8-4368-4A89-86A5-2126679ED502}.Debug|Any CPU.Build.0 = Debug|Any CPU
		{DFF3A6D8-4368-4A89-86A5-2126679ED502}.Release|Any CPU.ActiveCfg = Release|Any CPU
		{DFF3A6D8-4368-4A89-86A5-2126679ED502}.Release|Any CPU.Build.0 = Release|Any CPU
	EndGlobalSection
	GlobalSection(SolutionProperties) = preSolution
		HideSolutionNode = FALSE
	EndGlobalSection
	GlobalSection(ExtensibilityGlobals) = postSolution
		SolutionGuid = {35EC8C74-C6A8-4A93-A1E8-B8A38ADD9A64}
	EndGlobalSection
EndGlobal
